{
  "object": {
    "pins": [
      {
        "package": "CUtility",
        "repositoryURL": "https://github.com/kojirou1994/CUtility.git",
        "state": {
          "branch": null,
          "revision": "1143502f7b80cad866ecd6ff54d7e47736bcbd98",
          "version": "0.1.5"
        }
      }
    ]
  },
  "version": 1
}
