{
  "object": {
    "pins": [
      {
        "package": "CUtility",
        "repositoryURL": "https://github.com/kojirou1994/CUtility.git",
        "state": {
          "branch": null,
          "revision": "a76f4ae5e21ce807336a3cd77602f687b8e6e0e5",
          "version": "0.2.3"
        }
      }
    ]
  },
  "version": 1
}
